
Microsoft Visual Studio Solution File, Format Version 12.00
Project("{FAE04EC0-301F-11D3-BF4B-00C04F79EFBC}") = "FertilityControl", "FertilityControl.csproj", "{D27ADFA5-9114-4ED9-B157-2A2E0B7CDE65}"
EndProject
Global
	GlobalSection(SolutionConfigurationPlatforms) = preSolution
		Debug|Any CPU = Debug|Any CPU
		Release|Any CPU = Release|Any CPU
	EndGlobalSection
	GlobalSection(ProjectConfigurationPlatforms) = postSolution
		{D27ADFA5-9114-4ED9-B157-2A2E0B7CDE65}.Debug|Any CPU.ActiveCfg = Debug|Any CPU
		{D27ADFA5-9114-4ED9-B157-2A2E0B7CDE65}.Debug|Any CPU.Build.0 = Debug|Any CPU
		{D27ADFA5-9114-4ED9-B157-2A2E0B7CDE65}.Release|Any CPU.ActiveCfg = Release|Any CPU
		{D27ADFA5-9114-4ED9-B157-2A2E0B7CDE65}.Release|Any CPU.Build.0 = Release|Any CPU
	EndGlobalSection
EndGlobal
